// !$*UTF8*$!
{
	archiveVersion = 1;
	classes = {
	};
	objectVersion = 46;
	objects = {

/* Begin PBXBuildFile section */
		2E9FD662CB0C560E3B9140BB /* Pods_SpotifyHelperUITests.framework in Frameworks */ = {isa = PBXBuildFile; fileRef = 20730019EA52DB8A0339365F /* Pods_SpotifyHelperUITests.framework */; };
		9860BDF81178AAFDF91A82B8 /* Pods_SpotifyHelper.framework in Frameworks */ = {isa = PBXBuildFile; fileRef = 65A365773A76B7C1667F8B98 /* Pods_SpotifyHelper.framework */; };
		A88985191E711F3A00D73420 /* AppDelegate.swift in Sources */ = {isa = PBXBuildFile; fileRef = A88985181E711F3A00D73420 /* AppDelegate.swift */; };
		A88985201E711F3A00D73420 /* Assets.xcassets in Resources */ = {isa = PBXBuildFile; fileRef = A889851F1E711F3A00D73420 /* Assets.xcassets */; };
		A88985231E711F3A00D73420 /* LaunchScreen.storyboard in Resources */ = {isa = PBXBuildFile; fileRef = A88985211E711F3A00D73420 /* LaunchScreen.storyboard */; };
		A889852E1E711F3B00D73420 /* SpotifyHelperTests.swift in Sources */ = {isa = PBXBuildFile; fileRef = A889852D1E711F3B00D73420 /* SpotifyHelperTests.swift */; };
		A88985391E711F3B00D73420 /* SpotifyHelperUITests.swift in Sources */ = {isa = PBXBuildFile; fileRef = A88985381E711F3B00D73420 /* SpotifyHelperUITests.swift */; };
		A8939D2B1E712A9F00871591 /* LoginAPIClient.swift in Sources */ = {isa = PBXBuildFile; fileRef = A8939D2A1E712A9F00871591 /* LoginAPIClient.swift */; };
		A8939D2C1E712A9F00871591 /* LoginAPIClient.swift in Sources */ = {isa = PBXBuildFile; fileRef = A8939D2A1E712A9F00871591 /* LoginAPIClient.swift */; };
		A8939D2D1E712A9F00871591 /* LoginAPIClient.swift in Sources */ = {isa = PBXBuildFile; fileRef = A8939D2A1E712A9F00871591 /* LoginAPIClient.swift */; };
		A8939D371E71E9B600871591 /* MePlaylistAlbumViewController.swift in Sources */ = {isa = PBXBuildFile; fileRef = A8939D361E71E9B600871591 /* MePlaylistAlbumViewController.swift */; };
		A8939D381E71E9B600871591 /* MePlaylistAlbumViewController.swift in Sources */ = {isa = PBXBuildFile; fileRef = A8939D361E71E9B600871591 /* MePlaylistAlbumViewController.swift */; };
		A8939D391E71E9B600871591 /* MePlaylistAlbumViewController.swift in Sources */ = {isa = PBXBuildFile; fileRef = A8939D361E71E9B600871591 /* MePlaylistAlbumViewController.swift */; };
		A8939D3B1E71EA1E00871591 /* MainAPIClient.swift in Sources */ = {isa = PBXBuildFile; fileRef = A8939D3A1E71EA1E00871591 /* MainAPIClient.swift */; };
		A8939D3C1E71EA1E00871591 /* MainAPIClient.swift in Sources */ = {isa = PBXBuildFile; fileRef = A8939D3A1E71EA1E00871591 /* MainAPIClient.swift */; };
		A8939D3D1E71EA1E00871591 /* MainAPIClient.swift in Sources */ = {isa = PBXBuildFile; fileRef = A8939D3A1E71EA1E00871591 /* MainAPIClient.swift */; };
		A8939D401E72106300871591 /* Track.swift in Sources */ = {isa = PBXBuildFile; fileRef = A8939D3F1E72106300871591 /* Track.swift */; };
		A8939D411E72106300871591 /* Track.swift in Sources */ = {isa = PBXBuildFile; fileRef = A8939D3F1E72106300871591 /* Track.swift */; };
		A8939D421E72106300871591 /* Track.swift in Sources */ = {isa = PBXBuildFile; fileRef = A8939D3F1E72106300871591 /* Track.swift */; };
		A8939D481E72161800871591 /* Album .swift in Sources */ = {isa = PBXBuildFile; fileRef = A8939D471E72161800871591 /* Album .swift */; };
		A8939D491E72161800871591 /* Album .swift in Sources */ = {isa = PBXBuildFile; fileRef = A8939D471E72161800871591 /* Album .swift */; };
		A8939D4A1E72161800871591 /* Album .swift in Sources */ = {isa = PBXBuildFile; fileRef = A8939D471E72161800871591 /* Album .swift */; };
		A8939D551E722D4500871591 /* ListItemCell.swift in Sources */ = {isa = PBXBuildFile; fileRef = A8939D541E722D4500871591 /* ListItemCell.swift */; };
		A8939D561E722D4500871591 /* ListItemCell.swift in Sources */ = {isa = PBXBuildFile; fileRef = A8939D541E722D4500871591 /* ListItemCell.swift */; };
		A8939D571E722D4500871591 /* ListItemCell.swift in Sources */ = {isa = PBXBuildFile; fileRef = A8939D541E722D4500871591 /* ListItemCell.swift */; };
		A8939D5B1E722D6700871591 /* ListItem.swift in Sources */ = {isa = PBXBuildFile; fileRef = A8939D581E722D6700871591 /* ListItem.swift */; };
		A8939D5C1E722D6700871591 /* ListItem.swift in Sources */ = {isa = PBXBuildFile; fileRef = A8939D581E722D6700871591 /* ListItem.swift */; };
		A8939D5D1E722D6700871591 /* ListItem.swift in Sources */ = {isa = PBXBuildFile; fileRef = A8939D581E722D6700871591 /* ListItem.swift */; };
		A8939D5E1E722D6700871591 /* ListItemCellStandard.xib in Resources */ = {isa = PBXBuildFile; fileRef = A8939D591E722D6700871591 /* ListItemCellStandard.xib */; };
		A8939D5F1E722D6700871591 /* ListItemCellStandard.xib in Resources */ = {isa = PBXBuildFile; fileRef = A8939D591E722D6700871591 /* ListItemCellStandard.xib */; };
		A8939D601E722D6700871591 /* ListItemCellStandard.xib in Resources */ = {isa = PBXBuildFile; fileRef = A8939D591E722D6700871591 /* ListItemCellStandard.xib */; };
		A8939D611E722D6700871591 /* ListItemViewController.swift in Sources */ = {isa = PBXBuildFile; fileRef = A8939D5A1E722D6700871591 /* ListItemViewController.swift */; };
		A8939D621E722D6700871591 /* ListItemViewController.swift in Sources */ = {isa = PBXBuildFile; fileRef = A8939D5A1E722D6700871591 /* ListItemViewController.swift */; };
		A8939D631E722D6700871591 /* ListItemViewController.swift in Sources */ = {isa = PBXBuildFile; fileRef = A8939D5A1E722D6700871591 /* ListItemViewController.swift */; };
		A8939D651E722D7C00871591 /* LoginViewController.swift in Sources */ = {isa = PBXBuildFile; fileRef = A8939D641E722D7C00871591 /* LoginViewController.swift */; };
		A8939D661E722D7C00871591 /* LoginViewController.swift in Sources */ = {isa = PBXBuildFile; fileRef = A8939D641E722D7C00871591 /* LoginViewController.swift */; };
		A8939D671E722D7C00871591 /* LoginViewController.swift in Sources */ = {isa = PBXBuildFile; fileRef = A8939D641E722D7C00871591 /* LoginViewController.swift */; };
		A8939D691E722D9600871591 /* Login.storyboard in Resources */ = {isa = PBXBuildFile; fileRef = A8939D681E722D9600871591 /* Login.storyboard */; };
		A8939D6A1E722D9600871591 /* Login.storyboard in Resources */ = {isa = PBXBuildFile; fileRef = A8939D681E722D9600871591 /* Login.storyboard */; };
		A8939D6B1E722D9600871591 /* Login.storyboard in Resources */ = {isa = PBXBuildFile; fileRef = A8939D681E722D9600871591 /* Login.storyboard */; };
		E7AEF6CA087C41B6A96A03ED /* Pods_SpotifyHelperTests.framework in Frameworks */ = {isa = PBXBuildFile; fileRef = FF0F9BF7DF27681A0F3EC4CC /* Pods_SpotifyHelperTests.framework */; };
/* End PBXBuildFile section */

/* Begin PBXContainerItemProxy section */
		A889852A1E711F3B00D73420 /* PBXContainerItemProxy */ = {
			isa = PBXContainerItemProxy;
			containerPortal = A889850D1E711F3A00D73420 /* Project object */;
			proxyType = 1;
			remoteGlobalIDString = A88985141E711F3A00D73420;
			remoteInfo = SpotifyHelper;
		};
		A88985351E711F3B00D73420 /* PBXContainerItemProxy */ = {
			isa = PBXContainerItemProxy;
			containerPortal = A889850D1E711F3A00D73420 /* Project object */;
			proxyType = 1;
			remoteGlobalIDString = A88985141E711F3A00D73420;
			remoteInfo = SpotifyHelper;
		};
/* End PBXContainerItemProxy section */

/* Begin PBXFileReference section */
		0D53207007391BD3318AE20E /* Pods-SpotifyHelper.release.xcconfig */ = {isa = PBXFileReference; includeInIndex = 1; lastKnownFileType = text.xcconfig; name = "Pods-SpotifyHelper.release.xcconfig"; path = "Pods/Target Support Files/Pods-SpotifyHelper/Pods-SpotifyHelper.release.xcconfig"; sourceTree = "<group>"; };
		20730019EA52DB8A0339365F /* Pods_SpotifyHelperUITests.framework */ = {isa = PBXFileReference; explicitFileType = wrapper.framework; includeInIndex = 0; path = Pods_SpotifyHelperUITests.framework; sourceTree = BUILT_PRODUCTS_DIR; };
		24C1AD408123FEFFD312F778 /* Pods-SpotifyHelperTests.release.xcconfig */ = {isa = PBXFileReference; includeInIndex = 1; lastKnownFileType = text.xcconfig; name = "Pods-SpotifyHelperTests.release.xcconfig"; path = "Pods/Target Support Files/Pods-SpotifyHelperTests/Pods-SpotifyHelperTests.release.xcconfig"; sourceTree = "<group>"; };
		2863A0C06302B2A00C5CDAD3 /* Pods-SpotifyHelper.debug.xcconfig */ = {isa = PBXFileReference; includeInIndex = 1; lastKnownFileType = text.xcconfig; name = "Pods-SpotifyHelper.debug.xcconfig"; path = "Pods/Target Support Files/Pods-SpotifyHelper/Pods-SpotifyHelper.debug.xcconfig"; sourceTree = "<group>"; };
		65A365773A76B7C1667F8B98 /* Pods_SpotifyHelper.framework */ = {isa = PBXFileReference; explicitFileType = wrapper.framework; includeInIndex = 0; path = Pods_SpotifyHelper.framework; sourceTree = BUILT_PRODUCTS_DIR; };
		6EBBADF3C4FE7F475C194AFF /* Pods-SpotifyHelperUITests.release.xcconfig */ = {isa = PBXFileReference; includeInIndex = 1; lastKnownFileType = text.xcconfig; name = "Pods-SpotifyHelperUITests.release.xcconfig"; path = "Pods/Target Support Files/Pods-SpotifyHelperUITests/Pods-SpotifyHelperUITests.release.xcconfig"; sourceTree = "<group>"; };
		A766346F6EEBC1CC902B5629 /* Pods-SpotifyHelperTests.debug.xcconfig */ = {isa = PBXFileReference; includeInIndex = 1; lastKnownFileType = text.xcconfig; name = "Pods-SpotifyHelperTests.debug.xcconfig"; path = "Pods/Target Support Files/Pods-SpotifyHelperTests/Pods-SpotifyHelperTests.debug.xcconfig"; sourceTree = "<group>"; };
		A88985151E711F3A00D73420 /* SpotifyHelper.app */ = {isa = PBXFileReference; explicitFileType = wrapper.application; includeInIndex = 0; path = SpotifyHelper.app; sourceTree = BUILT_PRODUCTS_DIR; };
		A88985181E711F3A00D73420 /* AppDelegate.swift */ = {isa = PBXFileReference; lastKnownFileType = sourcecode.swift; path = AppDelegate.swift; sourceTree = "<group>"; };
		A889851F1E711F3A00D73420 /* Assets.xcassets */ = {isa = PBXFileReference; lastKnownFileType = folder.assetcatalog; path = Assets.xcassets; sourceTree = "<group>"; };
		A88985221E711F3A00D73420 /* Base */ = {isa = PBXFileReference; lastKnownFileType = file.storyboard; name = Base; path = Base.lproj/LaunchScreen.storyboard; sourceTree = "<group>"; };
		A88985241E711F3A00D73420 /* Info.plist */ = {isa = PBXFileReference; lastKnownFileType = text.plist.xml; path = Info.plist; sourceTree = "<group>"; };
		A88985291E711F3B00D73420 /* SpotifyHelperTests.xctest */ = {isa = PBXFileReference; explicitFileType = wrapper.cfbundle; includeInIndex = 0; path = SpotifyHelperTests.xctest; sourceTree = BUILT_PRODUCTS_DIR; };
		A889852D1E711F3B00D73420 /* SpotifyHelperTests.swift */ = {isa = PBXFileReference; lastKnownFileType = sourcecode.swift; path = SpotifyHelperTests.swift; sourceTree = "<group>"; };
		A889852F1E711F3B00D73420 /* Info.plist */ = {isa = PBXFileReference; lastKnownFileType = text.plist.xml; path = Info.plist; sourceTree = "<group>"; };
		A88985341E711F3B00D73420 /* SpotifyHelperUITests.xctest */ = {isa = PBXFileReference; explicitFileType = wrapper.cfbundle; includeInIndex = 0; path = SpotifyHelperUITests.xctest; sourceTree = BUILT_PRODUCTS_DIR; };
		A88985381E711F3B00D73420 /* SpotifyHelperUITests.swift */ = {isa = PBXFileReference; lastKnownFileType = sourcecode.swift; path = SpotifyHelperUITests.swift; sourceTree = "<group>"; };
		A889853A1E711F3B00D73420 /* Info.plist */ = {isa = PBXFileReference; lastKnownFileType = text.plist.xml; path = Info.plist; sourceTree = "<group>"; };
		A8939D2A1E712A9F00871591 /* LoginAPIClient.swift */ = {isa = PBXFileReference; fileEncoding = 4; lastKnownFileType = sourcecode.swift; name = LoginAPIClient.swift; path = Login/LoginAPIClient.swift; sourceTree = "<group>"; };
		A8939D2E1E71525500871591 /* WebKit.framework */ = {isa = PBXFileReference; lastKnownFileType = wrapper.framework; name = WebKit.framework; path = System/Library/Frameworks/WebKit.framework; sourceTree = SDKROOT; };
		A8939D301E7152CB00871591 /* SafariServices.framework */ = {isa = PBXFileReference; lastKnownFileType = wrapper.framework; name = SafariServices.framework; path = System/Library/Frameworks/SafariServices.framework; sourceTree = SDKROOT; };
		A8939D361E71E9B600871591 /* MePlaylistAlbumViewController.swift */ = {isa = PBXFileReference; fileEncoding = 4; lastKnownFileType = sourcecode.swift; name = MePlaylistAlbumViewController.swift; path = "Main Flow/MePlaylistAlbumViewController.swift"; sourceTree = "<group>"; };
		A8939D3A1E71EA1E00871591 /* MainAPIClient.swift */ = {isa = PBXFileReference; fileEncoding = 4; lastKnownFileType = sourcecode.swift; name = MainAPIClient.swift; path = "Main Flow/MainAPIClient.swift"; sourceTree = "<group>"; };
		A8939D3F1E72106300871591 /* Track.swift */ = {isa = PBXFileReference; fileEncoding = 4; lastKnownFileType = sourcecode.swift; name = Track.swift; path = Data/Track.swift; sourceTree = "<group>"; };
		A8939D471E72161800871591 /* Album .swift */ = {isa = PBXFileReference; fileEncoding = 4; lastKnownFileType = sourcecode.swift; name = "Album .swift"; path = "Data/Album .swift"; sourceTree = "<group>"; };
		A8939D541E722D4500871591 /* ListItemCell.swift */ = {isa = PBXFileReference; fileEncoding = 4; lastKnownFileType = sourcecode.swift; name = ListItemCell.swift; path = "List Item/ListItemCell.swift"; sourceTree = "<group>"; };
		A8939D581E722D6700871591 /* ListItem.swift */ = {isa = PBXFileReference; fileEncoding = 4; lastKnownFileType = sourcecode.swift; name = ListItem.swift; path = "List Item/ListItem.swift"; sourceTree = "<group>"; };
		A8939D591E722D6700871591 /* ListItemCellStandard.xib */ = {isa = PBXFileReference; fileEncoding = 4; lastKnownFileType = file.xib; name = ListItemCellStandard.xib; path = "List Item/ListItemCellStandard.xib"; sourceTree = "<group>"; };
		A8939D5A1E722D6700871591 /* ListItemViewController.swift */ = {isa = PBXFileReference; fileEncoding = 4; lastKnownFileType = sourcecode.swift; name = ListItemViewController.swift; path = "List Item/ListItemViewController.swift"; sourceTree = "<group>"; };
		A8939D641E722D7C00871591 /* LoginViewController.swift */ = {isa = PBXFileReference; fileEncoding = 4; lastKnownFileType = sourcecode.swift; name = LoginViewController.swift; path = Login/LoginViewController.swift; sourceTree = "<group>"; };
		A8939D681E722D9600871591 /* Login.storyboard */ = {isa = PBXFileReference; fileEncoding = 4; lastKnownFileType = file.storyboard; name = Login.storyboard; path = Login/Login.storyboard; sourceTree = "<group>"; };
		D7393A66BF5016A75A2AB4B7 /* Pods-SpotifyHelperUITests.debug.xcconfig */ = {isa = PBXFileReference; includeInIndex = 1; lastKnownFileType = text.xcconfig; name = "Pods-SpotifyHelperUITests.debug.xcconfig"; path = "Pods/Target Support Files/Pods-SpotifyHelperUITests/Pods-SpotifyHelperUITests.debug.xcconfig"; sourceTree = "<group>"; };
		FF0F9BF7DF27681A0F3EC4CC /* Pods_SpotifyHelperTests.framework */ = {isa = PBXFileReference; explicitFileType = wrapper.framework; includeInIndex = 0; path = Pods_SpotifyHelperTests.framework; sourceTree = BUILT_PRODUCTS_DIR; };
/* End PBXFileReference section */

/* Begin PBXFrameworksBuildPhase section */
		A88985121E711F3A00D73420 /* Frameworks */ = {
			isa = PBXFrameworksBuildPhase;
			buildActionMask = 2147483647;
			files = (
				9860BDF81178AAFDF91A82B8 /* Pods_SpotifyHelper.framework in Frameworks */,
			);
			runOnlyForDeploymentPostprocessing = 0;
		};
		A88985261E711F3B00D73420 /* Frameworks */ = {
			isa = PBXFrameworksBuildPhase;
			buildActionMask = 2147483647;
			files = (
				E7AEF6CA087C41B6A96A03ED /* Pods_SpotifyHelperTests.framework in Frameworks */,
			);
			runOnlyForDeploymentPostprocessing = 0;
		};
		A88985311E711F3B00D73420 /* Frameworks */ = {
			isa = PBXFrameworksBuildPhase;
			buildActionMask = 2147483647;
			files = (
				2E9FD662CB0C560E3B9140BB /* Pods_SpotifyHelperUITests.framework in Frameworks */,
			);
			runOnlyForDeploymentPostprocessing = 0;
		};
/* End PBXFrameworksBuildPhase section */

/* Begin PBXGroup section */
		67887712CB6215D40B1B772A /* Pods */ = {
			isa = PBXGroup;
			children = (
				2863A0C06302B2A00C5CDAD3 /* Pods-SpotifyHelper.debug.xcconfig */,
				0D53207007391BD3318AE20E /* Pods-SpotifyHelper.release.xcconfig */,
				A766346F6EEBC1CC902B5629 /* Pods-SpotifyHelperTests.debug.xcconfig */,
				24C1AD408123FEFFD312F778 /* Pods-SpotifyHelperTests.release.xcconfig */,
				D7393A66BF5016A75A2AB4B7 /* Pods-SpotifyHelperUITests.debug.xcconfig */,
				6EBBADF3C4FE7F475C194AFF /* Pods-SpotifyHelperUITests.release.xcconfig */,
			);
			name = Pods;
			sourceTree = "<group>";
		};
		A889850C1E711F3A00D73420 = {
			isa = PBXGroup;
			children = (
				A88985171E711F3A00D73420 /* SpotifyHelper */,
				A889852C1E711F3B00D73420 /* SpotifyHelperTests */,
				A88985371E711F3B00D73420 /* SpotifyHelperUITests */,
				A88985161E711F3A00D73420 /* Products */,
				67887712CB6215D40B1B772A /* Pods */,
				EC666553AAA982193486D5B3 /* Frameworks */,
			);
			sourceTree = "<group>";
		};
		A88985161E711F3A00D73420 /* Products */ = {
			isa = PBXGroup;
			children = (
				A88985151E711F3A00D73420 /* SpotifyHelper.app */,
				A88985291E711F3B00D73420 /* SpotifyHelperTests.xctest */,
				A88985341E711F3B00D73420 /* SpotifyHelperUITests.xctest */,
			);
			name = Products;
			sourceTree = "<group>";
		};
		A88985171E711F3A00D73420 /* SpotifyHelper */ = {
			isa = PBXGroup;
			children = (
				A8939D4F1E722AA000871591 /* List Item */,
				A8939D3E1E72103500871591 /* Data */,
				A8939D291E7128C400871591 /* Login Flow */,
				A8939D351E71E8FC00871591 /* Main Flow */,
				A88985181E711F3A00D73420 /* AppDelegate.swift */,
				A889851F1E711F3A00D73420 /* Assets.xcassets */,
				A88985211E711F3A00D73420 /* LaunchScreen.storyboard */,
				A88985241E711F3A00D73420 /* Info.plist */,
			);
			path = SpotifyHelper;
			sourceTree = "<group>";
		};
		A889852C1E711F3B00D73420 /* SpotifyHelperTests */ = {
			isa = PBXGroup;
			children = (
				A889852D1E711F3B00D73420 /* SpotifyHelperTests.swift */,
				A889852F1E711F3B00D73420 /* Info.plist */,
			);
			path = SpotifyHelperTests;
			sourceTree = "<group>";
		};
		A88985371E711F3B00D73420 /* SpotifyHelperUITests */ = {
			isa = PBXGroup;
			children = (
				A88985381E711F3B00D73420 /* SpotifyHelperUITests.swift */,
				A889853A1E711F3B00D73420 /* Info.plist */,
			);
			path = SpotifyHelperUITests;
			sourceTree = "<group>";
		};
		A8939D291E7128C400871591 /* Login Flow */ = {
			isa = PBXGroup;
			children = (
				A8939D681E722D9600871591 /* Login.storyboard */,
				A8939D641E722D7C00871591 /* LoginViewController.swift */,
				A8939D2A1E712A9F00871591 /* LoginAPIClient.swift */,
			);
			name = "Login Flow";
			sourceTree = "<group>";
		};
		A8939D351E71E8FC00871591 /* Main Flow */ = {
			isa = PBXGroup;
			children = (
				A8939D361E71E9B600871591 /* MePlaylistAlbumViewController.swift */,
				A8939D3A1E71EA1E00871591 /* MainAPIClient.swift */,
			);
			name = "Main Flow";
			sourceTree = "<group>";
		};
		A8939D3E1E72103500871591 /* Data */ = {
			isa = PBXGroup;
			children = (
				A8939D3F1E72106300871591 /* Track.swift */,
				A8939D471E72161800871591 /* Album .swift */,
			);
			name = Data;
			sourceTree = "<group>";
		};
		A8939D4F1E722AA000871591 /* List Item */ = {
			isa = PBXGroup;
			children = (
				A8939D581E722D6700871591 /* ListItem.swift */,
				A8939D591E722D6700871591 /* ListItemCellStandard.xib */,
				A8939D5A1E722D6700871591 /* ListItemViewController.swift */,
				A8939D541E722D4500871591 /* ListItemCell.swift */,
			);
			name = "List Item";
			sourceTree = "<group>";
		};
		EC666553AAA982193486D5B3 /* Frameworks */ = {
			isa = PBXGroup;
			children = (
				A8939D301E7152CB00871591 /* SafariServices.framework */,
				A8939D2E1E71525500871591 /* WebKit.framework */,
				65A365773A76B7C1667F8B98 /* Pods_SpotifyHelper.framework */,
				FF0F9BF7DF27681A0F3EC4CC /* Pods_SpotifyHelperTests.framework */,
				20730019EA52DB8A0339365F /* Pods_SpotifyHelperUITests.framework */,
			);
			name = Frameworks;
			sourceTree = "<group>";
		};
/* End PBXGroup section */

/* Begin PBXNativeTarget section */
		A88985141E711F3A00D73420 /* SpotifyHelper */ = {
			isa = PBXNativeTarget;
			buildConfigurationList = A889853D1E711F3B00D73420 /* Build configuration list for PBXNativeTarget "SpotifyHelper" */;
			buildPhases = (
				867A3CED045DB254D63A1EBA /* [CP] Check Pods Manifest.lock */,
				A88985111E711F3A00D73420 /* Sources */,
				A88985121E711F3A00D73420 /* Frameworks */,
				A88985131E711F3A00D73420 /* Resources */,
				4DE38F15785D3BD81912B52F /* [CP] Embed Pods Frameworks */,
				79B74B2782CCFCE41ACA84C1 /* [CP] Copy Pods Resources */,
			);
			buildRules = (
			);
			dependencies = (
			);
			name = SpotifyHelper;
			productName = SpotifyHelper;
			productReference = A88985151E711F3A00D73420 /* SpotifyHelper.app */;
			productType = "com.apple.product-type.application";
		};
		A88985281E711F3B00D73420 /* SpotifyHelperTests */ = {
			isa = PBXNativeTarget;
			buildConfigurationList = A88985401E711F3B00D73420 /* Build configuration list for PBXNativeTarget "SpotifyHelperTests" */;
			buildPhases = (
				66D65D4B67760EF5D63B7CAC /* [CP] Check Pods Manifest.lock */,
				A88985251E711F3B00D73420 /* Sources */,
				A88985261E711F3B00D73420 /* Frameworks */,
				A88985271E711F3B00D73420 /* Resources */,
				72FACBDCE07206CA3C9D6C27 /* [CP] Embed Pods Frameworks */,
				69C5764B6E45F34E0EC14C19 /* [CP] Copy Pods Resources */,
			);
			buildRules = (
			);
			dependencies = (
				A889852B1E711F3B00D73420 /* PBXTargetDependency */,
			);
			name = SpotifyHelperTests;
			productName = SpotifyHelperTests;
			productReference = A88985291E711F3B00D73420 /* SpotifyHelperTests.xctest */;
			productType = "com.apple.product-type.bundle.unit-test";
		};
		A88985331E711F3B00D73420 /* SpotifyHelperUITests */ = {
			isa = PBXNativeTarget;
			buildConfigurationList = A88985431E711F3B00D73420 /* Build configuration list for PBXNativeTarget "SpotifyHelperUITests" */;
			buildPhases = (
				452FCF63B0B879FA4EC40752 /* [CP] Check Pods Manifest.lock */,
				A88985301E711F3B00D73420 /* Sources */,
				A88985311E711F3B00D73420 /* Frameworks */,
				A88985321E711F3B00D73420 /* Resources */,
				4A02218B03BFD2EEFB1EDE36 /* [CP] Embed Pods Frameworks */,
				D126EB2FEBC74F9EF32BC2B7 /* [CP] Copy Pods Resources */,
			);
			buildRules = (
			);
			dependencies = (
				A88985361E711F3B00D73420 /* PBXTargetDependency */,
			);
			name = SpotifyHelperUITests;
			productName = SpotifyHelperUITests;
			productReference = A88985341E711F3B00D73420 /* SpotifyHelperUITests.xctest */;
			productType = "com.apple.product-type.bundle.ui-testing";
		};
/* End PBXNativeTarget section */

/* Begin PBXProject section */
		A889850D1E711F3A00D73420 /* Project object */ = {
			isa = PBXProject;
			attributes = {
				LastSwiftUpdateCheck = 0820;
				LastUpgradeCheck = 0820;
				ORGANIZATIONNAME = Darvish;
				TargetAttributes = {
					A88985141E711F3A00D73420 = {
						CreatedOnToolsVersion = 8.2.1;
						DevelopmentTeam = P25BA56T67;
						ProvisioningStyle = Automatic;
					};
					A88985281E711F3B00D73420 = {
						CreatedOnToolsVersion = 8.2.1;
						DevelopmentTeam = P25BA56T67;
						ProvisioningStyle = Automatic;
						TestTargetID = A88985141E711F3A00D73420;
					};
					A88985331E711F3B00D73420 = {
						CreatedOnToolsVersion = 8.2.1;
						DevelopmentTeam = P25BA56T67;
						ProvisioningStyle = Automatic;
						TestTargetID = A88985141E711F3A00D73420;
					};
				};
			};
			buildConfigurationList = A88985101E711F3A00D73420 /* Build configuration list for PBXProject "SpotifyHelper" */;
			compatibilityVersion = "Xcode 3.2";
			developmentRegion = English;
			hasScannedForEncodings = 0;
			knownRegions = (
				en,
				Base,
			);
			mainGroup = A889850C1E711F3A00D73420;
			productRefGroup = A88985161E711F3A00D73420 /* Products */;
			projectDirPath = "";
			projectRoot = "";
			targets = (
				A88985141E711F3A00D73420 /* SpotifyHelper */,
				A88985281E711F3B00D73420 /* SpotifyHelperTests */,
				A88985331E711F3B00D73420 /* SpotifyHelperUITests */,
			);
		};
/* End PBXProject section */

/* Begin PBXResourcesBuildPhase section */
		A88985131E711F3A00D73420 /* Resources */ = {
			isa = PBXResourcesBuildPhase;
			buildActionMask = 2147483647;
			files = (
				A8939D691E722D9600871591 /* Login.storyboard in Resources */,
				A88985231E711F3A00D73420 /* LaunchScreen.storyboard in Resources */,
				A88985201E711F3A00D73420 /* Assets.xcassets in Resources */,
				A8939D5E1E722D6700871591 /* ListItemCellStandard.xib in Resources */,
			);
			runOnlyForDeploymentPostprocessing = 0;
		};
		A88985271E711F3B00D73420 /* Resources */ = {
			isa = PBXResourcesBuildPhase;
			buildActionMask = 2147483647;
			files = (
				A8939D6A1E722D9600871591 /* Login.storyboard in Resources */,
				A8939D5F1E722D6700871591 /* ListItemCellStandard.xib in Resources */,
			);
			runOnlyForDeploymentPostprocessing = 0;
		};
		A88985321E711F3B00D73420 /* Resources */ = {
			isa = PBXResourcesBuildPhase;
			buildActionMask = 2147483647;
			files = (
				A8939D6B1E722D9600871591 /* Login.storyboard in Resources */,
				A8939D601E722D6700871591 /* ListItemCellStandard.xib in Resources */,
			);
			runOnlyForDeploymentPostprocessing = 0;
		};
/* End PBXResourcesBuildPhase section */

/* Begin PBXShellScriptBuildPhase section */
		452FCF63B0B879FA4EC40752 /* [CP] Check Pods Manifest.lock */ = {
			isa = PBXShellScriptBuildPhase;
			buildActionMask = 2147483647;
			files = (
			);
			inputPaths = (
			);
			name = "[CP] Check Pods Manifest.lock";
			outputPaths = (
			);
			runOnlyForDeploymentPostprocessing = 0;
			shellPath = /bin/sh;
			shellScript = "diff \"${PODS_ROOT}/../Podfile.lock\" \"${PODS_ROOT}/Manifest.lock\" > /dev/null\nif [ $? != 0 ] ; then\n    # print error to STDERR\n    echo \"error: The sandbox is not in sync with the Podfile.lock. Run 'pod install' or update your CocoaPods installation.\" >&2\n    exit 1\nfi\n";
			showEnvVarsInLog = 0;
		};
		4A02218B03BFD2EEFB1EDE36 /* [CP] Embed Pods Frameworks */ = {
			isa = PBXShellScriptBuildPhase;
			buildActionMask = 2147483647;
			files = (
			);
			inputPaths = (
			);
			name = "[CP] Embed Pods Frameworks";
			outputPaths = (
			);
			runOnlyForDeploymentPostprocessing = 0;
			shellPath = /bin/sh;
			shellScript = "\"${SRCROOT}/Pods/Target Support Files/Pods-SpotifyHelperUITests/Pods-SpotifyHelperUITests-frameworks.sh\"\n";
			showEnvVarsInLog = 0;
		};
		4DE38F15785D3BD81912B52F /* [CP] Embed Pods Frameworks */ = {
			isa = PBXShellScriptBuildPhase;
			buildActionMask = 2147483647;
			files = (
			);
			inputPaths = (
			);
			name = "[CP] Embed Pods Frameworks";
			outputPaths = (
			);
			runOnlyForDeploymentPostprocessing = 0;
			shellPath = /bin/sh;
			shellScript = "\"${SRCROOT}/Pods/Target Support Files/Pods-SpotifyHelper/Pods-SpotifyHelper-frameworks.sh\"\n";
			showEnvVarsInLog = 0;
		};
		66D65D4B67760EF5D63B7CAC /* [CP] Check Pods Manifest.lock */ = {
			isa = PBXShellScriptBuildPhase;
			buildActionMask = 2147483647;
			files = (
			);
			inputPaths = (
			);
			name = "[CP] Check Pods Manifest.lock";
			outputPaths = (
			);
			runOnlyForDeploymentPostprocessing = 0;
			shellPath = /bin/sh;
			shellScript = "diff \"${PODS_ROOT}/../Podfile.lock\" \"${PODS_ROOT}/Manifest.lock\" > /dev/null\nif [ $? != 0 ] ; then\n    # print error to STDERR\n    echo \"error: The sandbox is not in sync with the Podfile.lock. Run 'pod install' or update your CocoaPods installation.\" >&2\n    exit 1\nfi\n";
			showEnvVarsInLog = 0;
		};
		69C5764B6E45F34E0EC14C19 /* [CP] Copy Pods Resources */ = {
			isa = PBXShellScriptBuildPhase;
			buildActionMask = 2147483647;
			files = (
			);
			inputPaths = (
			);
			name = "[CP] Copy Pods Resources";
			outputPaths = (
			);
			runOnlyForDeploymentPostprocessing = 0;
			shellPath = /bin/sh;
			shellScript = "\"${SRCROOT}/Pods/Target Support Files/Pods-SpotifyHelperTests/Pods-SpotifyHelperTests-resources.sh\"\n";
			showEnvVarsInLog = 0;
		};
		72FACBDCE07206CA3C9D6C27 /* [CP] Embed Pods Frameworks */ = {
			isa = PBXShellScriptBuildPhase;
			buildActionMask = 2147483647;
			files = (
			);
			inputPaths = (
			);
			name = "[CP] Embed Pods Frameworks";
			outputPaths = (
			);
			runOnlyForDeploymentPostprocessing = 0;
			shellPath = /bin/sh;
			shellScript = "\"${SRCROOT}/Pods/Target Support Files/Pods-SpotifyHelperTests/Pods-SpotifyHelperTests-frameworks.sh\"\n";
			showEnvVarsInLog = 0;
		};
		79B74B2782CCFCE41ACA84C1 /* [CP] Copy Pods Resources */ = {
			isa = PBXShellScriptBuildPhase;
			buildActionMask = 2147483647;
			files = (
			);
			inputPaths = (
			);
			name = "[CP] Copy Pods Resources";
			outputPaths = (
			);
			runOnlyForDeploymentPostprocessing = 0;
			shellPath = /bin/sh;
			shellScript = "\"${SRCROOT}/Pods/Target Support Files/Pods-SpotifyHelper/Pods-SpotifyHelper-resources.sh\"\n";
			showEnvVarsInLog = 0;
		};
		867A3CED045DB254D63A1EBA /* [CP] Check Pods Manifest.lock */ = {
			isa = PBXShellScriptBuildPhase;
			buildActionMask = 2147483647;
			files = (
			);
			inputPaths = (
			);
			name = "[CP] Check Pods Manifest.lock";
			outputPaths = (
			);
			runOnlyForDeploymentPostprocessing = 0;
			shellPath = /bin/sh;
			shellScript = "diff \"${PODS_ROOT}/../Podfile.lock\" \"${PODS_ROOT}/Manifest.lock\" > /dev/null\nif [ $? != 0 ] ; then\n    # print error to STDERR\n    echo \"error: The sandbox is not in sync with the Podfile.lock. Run 'pod install' or update your CocoaPods installation.\" >&2\n    exit 1\nfi\n";
			showEnvVarsInLog = 0;
		};
		D126EB2FEBC74F9EF32BC2B7 /* [CP] Copy Pods Resources */ = {
			isa = PBXShellScriptBuildPhase;
			buildActionMask = 2147483647;
			files = (
			);
			inputPaths = (
			);
			name = "[CP] Copy Pods Resources";
			outputPaths = (
			);
			runOnlyForDeploymentPostprocessing = 0;
			shellPath = /bin/sh;
			shellScript = "\"${SRCROOT}/Pods/Target Support Files/Pods-SpotifyHelperUITests/Pods-SpotifyHelperUITests-resources.sh\"\n";
			showEnvVarsInLog = 0;
		};
/* End PBXShellScriptBuildPhase section */

/* Begin PBXSourcesBuildPhase section */
		A88985111E711F3A00D73420 /* Sources */ = {
			isa = PBXSourcesBuildPhase;
			buildActionMask = 2147483647;
			files = (
				A8939D481E72161800871591 /* Album .swift in Sources */,
				A8939D611E722D6700871591 /* ListItemViewController.swift in Sources */,
				A8939D5B1E722D6700871591 /* ListItem.swift in Sources */,
				A8939D551E722D4500871591 /* ListItemCell.swift in Sources */,
				A88985191E711F3A00D73420 /* AppDelegate.swift in Sources */,
				A8939D371E71E9B600871591 /* MePlaylistAlbumViewController.swift in Sources */,
				A8939D3B1E71EA1E00871591 /* MainAPIClient.swift in Sources */,
				A8939D2B1E712A9F00871591 /* LoginAPIClient.swift in Sources */,
				A8939D651E722D7C00871591 /* LoginViewController.swift in Sources */,
				A8939D401E72106300871591 /* Track.swift in Sources */,
			);
			runOnlyForDeploymentPostprocessing = 0;
		};
		A88985251E711F3B00D73420 /* Sources */ = {
			isa = PBXSourcesBuildPhase;
			buildActionMask = 2147483647;
			files = (
				A8939D5C1E722D6700871591 /* ListItem.swift in Sources */,
				A8939D3C1E71EA1E00871591 /* MainAPIClient.swift in Sources */,
				A8939D491E72161800871591 /* Album .swift in Sources */,
				A8939D411E72106300871591 /* Track.swift in Sources */,
				A8939D381E71E9B600871591 /* MePlaylistAlbumViewController.swift in Sources */,
				A8939D621E722D6700871591 /* ListItemViewController.swift in Sources */,
				A889852E1E711F3B00D73420 /* SpotifyHelperTests.swift in Sources */,
				A8939D2C1E712A9F00871591 /* LoginAPIClient.swift in Sources */,
				A8939D661E722D7C00871591 /* LoginViewController.swift in Sources */,
				A8939D561E722D4500871591 /* ListItemCell.swift in Sources */,
			);
			runOnlyForDeploymentPostprocessing = 0;
		};
		A88985301E711F3B00D73420 /* Sources */ = {
			isa = PBXSourcesBuildPhase;
			buildActionMask = 2147483647;
			files = (
				A8939D5D1E722D6700871591 /* ListItem.swift in Sources */,
				A8939D3D1E71EA1E00871591 /* MainAPIClient.swift in Sources */,
				A8939D4A1E72161800871591 /* Album .swift in Sources */,
				A8939D421E72106300871591 /* Track.swift in Sources */,
				A8939D391E71E9B600871591 /* MePlaylistAlbumViewController.swift in Sources */,
				A8939D631E722D6700871591 /* ListItemViewController.swift in Sources */,
				A88985391E711F3B00D73420 /* SpotifyHelperUITests.swift in Sources */,
				A8939D2D1E712A9F00871591 /* LoginAPIClient.swift in Sources */,
				A8939D671E722D7C00871591 /* LoginViewController.swift in Sources */,
				A8939D571E722D4500871591 /* ListItemCell.swift in Sources */,
			);
			runOnlyForDeploymentPostprocessing = 0;
		};
/* End PBXSourcesBuildPhase section */

/* Begin PBXTargetDependency section */
		A889852B1E711F3B00D73420 /* PBXTargetDependency */ = {
			isa = PBXTargetDependency;
			target = A88985141E711F3A00D73420 /* SpotifyHelper */;
			targetProxy = A889852A1E711F3B00D73420 /* PBXContainerItemProxy */;
		};
		A88985361E711F3B00D73420 /* PBXTargetDependency */ = {
			isa = PBXTargetDependency;
			target = A88985141E711F3A00D73420 /* SpotifyHelper */;
			targetProxy = A88985351E711F3B00D73420 /* PBXContainerItemProxy */;
		};
/* End PBXTargetDependency section */

/* Begin PBXVariantGroup section */
		A88985211E711F3A00D73420 /* LaunchScreen.storyboard */ = {
			isa = PBXVariantGroup;
			children = (
				A88985221E711F3A00D73420 /* Base */,
			);
			name = LaunchScreen.storyboard;
			sourceTree = "<group>";
		};
/* End PBXVariantGroup section */

/* Begin XCBuildConfiguration section */
		A889853B1E711F3B00D73420 /* Debug */ = {
			isa = XCBuildConfiguration;
			buildSettings = {
				ALWAYS_SEARCH_USER_PATHS = NO;
				CLANG_ANALYZER_NONNULL = YES;
				CLANG_CXX_LANGUAGE_STANDARD = "gnu++0x";
				CLANG_CXX_LIBRARY = "libc++";
				CLANG_ENABLE_MODULES = YES;
				CLANG_ENABLE_OBJC_ARC = YES;
				CLANG_WARN_BOOL_CONVERSION = YES;
				CLANG_WARN_CONSTANT_CONVERSION = YES;
				CLANG_WARN_DIRECT_OBJC_ISA_USAGE = YES_ERROR;
				CLANG_WARN_DOCUMENTATION_COMMENTS = YES;
				CLANG_WARN_EMPTY_BODY = YES;
				CLANG_WARN_ENUM_CONVERSION = YES;
				CLANG_WARN_INFINITE_RECURSION = YES;
				CLANG_WARN_INT_CONVERSION = YES;
				CLANG_WARN_OBJC_ROOT_CLASS = YES_ERROR;
				CLANG_WARN_SUSPICIOUS_MOVE = YES;
				CLANG_WARN_UNREACHABLE_CODE = YES;
				CLANG_WARN__DUPLICATE_METHOD_MATCH = YES;
				"CODE_SIGN_IDENTITY[sdk=iphoneos*]" = "iPhone Developer";
				COPY_PHASE_STRIP = NO;
				DEBUG_INFORMATION_FORMAT = dwarf;
				ENABLE_STRICT_OBJC_MSGSEND = YES;
				ENABLE_TESTABILITY = YES;
				GCC_C_LANGUAGE_STANDARD = gnu99;
				GCC_DYNAMIC_NO_PIC = NO;
				GCC_NO_COMMON_BLOCKS = YES;
				GCC_OPTIMIZATION_LEVEL = 0;
				GCC_PREPROCESSOR_DEFINITIONS = (
					"DEBUG=1",
					"$(inherited)",
				);
				GCC_WARN_64_TO_32_BIT_CONVERSION = YES;
				GCC_WARN_ABOUT_RETURN_TYPE = YES_ERROR;
				GCC_WARN_UNDECLARED_SELECTOR = YES;
				GCC_WARN_UNINITIALIZED_AUTOS = YES_AGGRESSIVE;
				GCC_WARN_UNUSED_FUNCTION = YES;
				GCC_WARN_UNUSED_VARIABLE = YES;
				IPHONEOS_DEPLOYMENT_TARGET = 10.2;
				MTL_ENABLE_DEBUG_INFO = YES;
				ONLY_ACTIVE_ARCH = YES;
				SDKROOT = iphoneos;
				SWIFT_ACTIVE_COMPILATION_CONDITIONS = DEBUG;
				SWIFT_OPTIMIZATION_LEVEL = "-Onone";
			};
			name = Debug;
		};
		A889853C1E711F3B00D73420 /* Release */ = {
			isa = XCBuildConfiguration;
			buildSettings = {
				ALWAYS_SEARCH_USER_PATHS = NO;
				CLANG_ANALYZER_NONNULL = YES;
				CLANG_CXX_LANGUAGE_STANDARD = "gnu++0x";
				CLANG_CXX_LIBRARY = "libc++";
				CLANG_ENABLE_MODULES = YES;
				CLANG_ENABLE_OBJC_ARC = YES;
				CLANG_WARN_BOOL_CONVERSION = YES;
				CLANG_WARN_CONSTANT_CONVERSION = YES;
				CLANG_WARN_DIRECT_OBJC_ISA_USAGE = YES_ERROR;
				CLANG_WARN_DOCUMENTATION_COMMENTS = YES;
				CLANG_WARN_EMPTY_BODY = YES;
				CLANG_WARN_ENUM_CONVERSION = YES;
				CLANG_WARN_INFINITE_RECURSION = YES;
				CLANG_WARN_INT_CONVERSION = YES;
				CLANG_WARN_OBJC_ROOT_CLASS = YES_ERROR;
				CLANG_WARN_SUSPICIOUS_MOVE = YES;
				CLANG_WARN_UNREACHABLE_CODE = YES;
				CLANG_WARN__DUPLICATE_METHOD_MATCH = YES;
				"CODE_SIGN_IDENTITY[sdk=iphoneos*]" = "iPhone Developer";
				COPY_PHASE_STRIP = NO;
				DEBUG_INFORMATION_FORMAT = "dwarf-with-dsym";
				ENABLE_NS_ASSERTIONS = NO;
				ENABLE_STRICT_OBJC_MSGSEND = YES;
				GCC_C_LANGUAGE_STANDARD = gnu99;
				GCC_NO_COMMON_BLOCKS = YES;
				GCC_WARN_64_TO_32_BIT_CONVERSION = YES;
				GCC_WARN_ABOUT_RETURN_TYPE = YES_ERROR;
				GCC_WARN_UNDECLARED_SELECTOR = YES;
				GCC_WARN_UNINITIALIZED_AUTOS = YES_AGGRESSIVE;
				GCC_WARN_UNUSED_FUNCTION = YES;
				GCC_WARN_UNUSED_VARIABLE = YES;
				IPHONEOS_DEPLOYMENT_TARGET = 10.2;
				MTL_ENABLE_DEBUG_INFO = NO;
				SDKROOT = iphoneos;
				SWIFT_OPTIMIZATION_LEVEL = "-Owholemodule";
				VALIDATE_PRODUCT = YES;
			};
			name = Release;
		};
		A889853E1E711F3B00D73420 /* Debug */ = {
			isa = XCBuildConfiguration;
			baseConfigurationReference = 2863A0C06302B2A00C5CDAD3 /* Pods-SpotifyHelper.debug.xcconfig */;
			buildSettings = {
				ASSETCATALOG_COMPILER_APPICON_NAME = AppIcon;
				DEVELOPMENT_TEAM = P25BA56T67;
				INFOPLIST_FILE = SpotifyHelper/Info.plist;
				LD_RUNPATH_SEARCH_PATHS = "$(inherited) @executable_path/Frameworks";
				PRODUCT_BUNDLE_IDENTIFIER = com.Drops.SpotifyHelper;
				PRODUCT_NAME = "$(TARGET_NAME)";
				SWIFT_VERSION = 3.0;
			};
			name = Debug;
		};
		A889853F1E711F3B00D73420 /* Release */ = {
			isa = XCBuildConfiguration;
			baseConfigurationReference = 0D53207007391BD3318AE20E /* Pods-SpotifyHelper.release.xcconfig */;
			buildSettings = {
				ASSETCATALOG_COMPILER_APPICON_NAME = AppIcon;
				DEVELOPMENT_TEAM = P25BA56T67;
				INFOPLIST_FILE = SpotifyHelper/Info.plist;
				LD_RUNPATH_SEARCH_PATHS = "$(inherited) @executable_path/Frameworks";
				PRODUCT_BUNDLE_IDENTIFIER = com.Drops.SpotifyHelper;
				PRODUCT_NAME = "$(TARGET_NAME)";
				SWIFT_VERSION = 3.0;
			};
			name = Release;
		};
		A88985411E711F3B00D73420 /* Debug */ = {
			isa = XCBuildConfiguration;
			baseConfigurationReference = A766346F6EEBC1CC902B5629 /* Pods-SpotifyHelperTests.debug.xcconfig */;
			buildSettings = {
				ALWAYS_EMBED_SWIFT_STANDARD_LIBRARIES = YES;
				BUNDLE_LOADER = "$(TEST_HOST)";
				DEVELOPMENT_TEAM = P25BA56T67;
				INFOPLIST_FILE = SpotifyHelperTests/Info.plist;
				LD_RUNPATH_SEARCH_PATHS = "$(inherited) @executable_path/Frameworks @loader_path/Frameworks";
				PRODUCT_BUNDLE_IDENTIFIER = com.Drops.SpotifyHelperTests;
				PRODUCT_NAME = "$(TARGET_NAME)";
				SWIFT_VERSION = 3.0;
				TEST_HOST = "$(BUILT_PRODUCTS_DIR)/SpotifyHelper.app/SpotifyHelper";
			};
			name = Debug;
		};
		A88985421E711F3B00D73420 /* Release */ = {
			isa = XCBuildConfiguration;
			baseConfigurationReference = 24C1AD408123FEFFD312F778 /* Pods-SpotifyHelperTests.release.xcconfig */;
			buildSettings = {
				ALWAYS_EMBED_SWIFT_STANDARD_LIBRARIES = YES;
				BUNDLE_LOADER = "$(TEST_HOST)";
				DEVELOPMENT_TEAM = P25BA56T67;
				INFOPLIST_FILE = SpotifyHelperTests/Info.plist;
				LD_RUNPATH_SEARCH_PATHS = "$(inherited) @executable_path/Frameworks @loader_path/Frameworks";
				PRODUCT_BUNDLE_IDENTIFIER = com.Drops.SpotifyHelperTests;
				PRODUCT_NAME = "$(TARGET_NAME)";
				SWIFT_VERSION = 3.0;
				TEST_HOST = "$(BUILT_PRODUCTS_DIR)/SpotifyHelper.app/SpotifyHelper";
			};
			name = Release;
		};
		A88985441E711F3B00D73420 /* Debug */ = {
			isa = XCBuildConfiguration;
			baseConfigurationReference = D7393A66BF5016A75A2AB4B7 /* Pods-SpotifyHelperUITests.debug.xcconfig */;
			buildSettings = {
				ALWAYS_EMBED_SWIFT_STANDARD_LIBRARIES = YES;
				DEVELOPMENT_TEAM = P25BA56T67;
				INFOPLIST_FILE = SpotifyHelperUITests/Info.plist;
				LD_RUNPATH_SEARCH_PATHS = "$(inherited) @executable_path/Frameworks @loader_path/Frameworks";
				PRODUCT_BUNDLE_IDENTIFIER = com.Drops.SpotifyHelperUITests;
				PRODUCT_NAME = "$(TARGET_NAME)";
				SWIFT_VERSION = 3.0;
				TEST_TARGET_NAME = SpotifyHelper;
			};
			name = Debug;
		};
		A88985451E711F3B00D73420 /* Release */ = {
			isa = XCBuildConfiguration;
			baseConfigurationReference = 6EBBADF3C4FE7F475C194AFF /* Pods-SpotifyHelperUITests.release.xcconfig */;
			buildSettings = {
				ALWAYS_EMBED_SWIFT_STANDARD_LIBRARIES = YES;
				DEVELOPMENT_TEAM = P25BA56T67;
				INFOPLIST_FILE = SpotifyHelperUITests/Info.plist;
				LD_RUNPATH_SEARCH_PATHS = "$(inherited) @executable_path/Frameworks @loader_path/Frameworks";
				PRODUCT_BUNDLE_IDENTIFIER = com.Drops.SpotifyHelperUITests;
				PRODUCT_NAME = "$(TARGET_NAME)";
				SWIFT_VERSION = 3.0;
				TEST_TARGET_NAME = SpotifyHelper;
			};
			name = Release;
		};
/* End XCBuildConfiguration section */

/* Begin XCConfigurationList section */
		A88985101E711F3A00D73420 /* Build configuration list for PBXProject "SpotifyHelper" */ = {
			isa = XCConfigurationList;
			buildConfigurations = (
				A889853B1E711F3B00D73420 /* Debug */,
				A889853C1E711F3B00D73420 /* Release */,
			);
			defaultConfigurationIsVisible = 0;
			defaultConfigurationName = Release;
		};
		A889853D1E711F3B00D73420 /* Build configuration list for PBXNativeTarget "SpotifyHelper" */ = {
			isa = XCConfigurationList;
			buildConfigurations = (
				A889853E1E711F3B00D73420 /* Debug */,
				A889853F1E711F3B00D73420 /* Release */,
			);
			defaultConfigurationIsVisible = 0;
			defaultConfigurationName = Release;
		};
		A88985401E711F3B00D73420 /* Build configuration list for PBXNativeTarget "SpotifyHelperTests" */ = {
			isa = XCConfigurationList;
			buildConfigurations = (
				A88985411E711F3B00D73420 /* Debug */,
				A88985421E711F3B00D73420 /* Release */,
			);
			defaultConfigurationIsVisible = 0;
			defaultConfigurationName = Release;
		};
		A88985431E711F3B00D73420 /* Build configuration list for PBXNativeTarget "SpotifyHelperUITests" */ = {
			isa = XCConfigurationList;
			buildConfigurations = (
				A88985441E711F3B00D73420 /* Debug */,
				A88985451E711F3B00D73420 /* Release */,
			);
			defaultConfigurationIsVisible = 0;
			defaultConfigurationName = Release;
		};
/* End XCConfigurationList section */
	};
	rootObject = A889850D1E711F3A00D73420 /* Project object */;
}
